
Microsoft Visual Studio Solution File, Format Version 12.00
# Visual Studio Version 16
VisualStudioVersion = 16.0.31410.357
MinimumVisualStudioVersion = 10.0.40219.1
Project("{FAE04EC0-301F-11D3-BF4B-00C04F79EFBC}") = "Forgelings", "Forgelings.csproj", "{E3DF22B6-54B6-420C-A195-124BEA943FF3}"
EndProject
Global
	GlobalSection(SolutionConfigurationPlatforms) = preSolution
		Debug|Any CPU = Debug|Any CPU
		Release|Any CPU = Release|Any CPU
	EndGlobalSection
	GlobalSection(ProjectConfigurationPlatforms) = postSolution
		{E3DF22B6-54B6-420C-A195-124BEA943FF3}.Debug|Any CPU.ActiveCfg = Debug|Any CPU
		{E3DF22B6-54B6-420C-A195-124BEA943FF3}.Debug|Any CPU.Build.0 = Debug|Any CPU
		{E3DF22B6-54B6-420C-A195-124BEA943FF3}.Release|Any CPU.ActiveCfg = Release|Any CPU
		{E3DF22B6-54B6-420C-A195-124BEA943FF3}.Release|Any CPU.Build.0 = Release|Any CPU
	EndGlobalSection
	GlobalSection(SolutionProperties) = preSolution
		HideSolutionNode = FALSE
	EndGlobalSection
	GlobalSection(ExtensibilityGlobals) = postSolution
		SolutionGuid = {E0B9240D-16E9-476A-AEE5-368BEDABC277}
	EndGlobalSection
EndGlobal
